
Microsoft Visual Studio Solution File, Format Version 12.00
# Visual Studio Version 17
VisualStudioVersion = 17.6.33829.357
MinimumVisualStudioVersion = 10.0.40219.1
Project("{9A19103F-16F7-4668-BE54-9A1E7A4F7556}") = "CoR.Presentation", "ChainOfResponsibility.Presentation\CoR.Presentation.csproj", "{C42CC940-F23B-478B-90DA-FD15C0535BCE}"
EndProject
Project("{9A19103F-16F7-4668-BE54-9A1E7A4F7556}") = "CQRS.Presentation", "CQRS.Presentation\CQRS.Presentation.csproj", "{0EBCB1A8-2304-4F01-A61D-A0D21B212BB3}"
EndProject
Project("{9A19103F-16F7-4668-BE54-9A1E7A4F7556}") = "Mediator.Presentation", "Mediator.Presentation\Mediator.Presentation.csproj", "{AC0B93D9-2A25-4418-B62A-4406BD885C2E}"
EndProject
Project("{2150E333-8FDC-42A3-9474-1A3956D46DE8}") = "UnitOfWork", "UnitOfWork", "{AD956E82-CD5B-459E-9FBD-B11DF323B4F9}"
EndProject
Project("{FAE04EC0-301F-11D3-BF4B-00C04F79EFBC}") = "UnitOfWork.Entities", "UnitOfWork\UnitOfWork.Entities\UnitOfWork.Entities.csproj", "{1A9BDF87-CB2F-455F-BF56-16572BC9E677}"
EndProject
Project("{FAE04EC0-301F-11D3-BF4B-00C04F79EFBC}") = "UnitOfWork.DataAccess", "UnitOfWork\UnitOfWork.DataAccess\UnitOfWork.DataAccess.csproj", "{AE8A358A-97A7-4376-BDF6-3DE4BD7F0E3E}"
EndProject
Project("{FAE04EC0-301F-11D3-BF4B-00C04F79EFBC}") = "UnitOfWork.Business", "UnitOfWork\UnitOfWork.Business\UnitOfWork.Business.csproj", "{9355B127-EA8D-44F4-8564-39182932697F}"
EndProject
Project("{FAE04EC0-301F-11D3-BF4B-00C04F79EFBC}") = "UnitOfWork.WebUI", "UnitOfWork\UnitOfWork.WebUI\UnitOfWork.WebUI.csproj", "{7DBFD9E7-FE2B-4C7D-A73F-6255A9552084}"
EndProject
Global
	GlobalSection(SolutionConfigurationPlatforms) = preSolution
		Debug|Any CPU = Debug|Any CPU
		Release|Any CPU = Release|Any CPU
	EndGlobalSection
	GlobalSection(ProjectConfigurationPlatforms) = postSolution
		{C42CC940-F23B-478B-90DA-FD15C0535BCE}.Debug|Any CPU.ActiveCfg = Debug|Any CPU
		{C42CC940-F23B-478B-90DA-FD15C0535BCE}.Debug|Any CPU.Build.0 = Debug|Any CPU
		{C42CC940-F23B-478B-90DA-FD15C0535BCE}.Release|Any CPU.ActiveCfg = Release|Any CPU
		{C42CC940-F23B-478B-90DA-FD15C0535BCE}.Release|Any CPU.Build.0 = Release|Any CPU
		{0EBCB1A8-2304-4F01-A61D-A0D21B212BB3}.Debug|Any CPU.ActiveCfg = Debug|Any CPU
		{0EBCB1A8-2304-4F01-A61D-A0D21B212BB3}.Debug|Any CPU.Build.0 = Debug|Any CPU
		{0EBCB1A8-2304-4F01-A61D-A0D21B212BB3}.Release|Any CPU.ActiveCfg = Release|Any CPU
		{0EBCB1A8-2304-4F01-A61D-A0D21B212BB3}.Release|Any CPU.Build.0 = Release|Any CPU
		{AC0B93D9-2A25-4418-B62A-4406BD885C2E}.Debug|Any CPU.ActiveCfg = Debug|Any CPU
		{AC0B93D9-2A25-4418-B62A-4406BD885C2E}.Debug|Any CPU.Build.0 = Debug|Any CPU
		{AC0B93D9-2A25-4418-B62A-4406BD885C2E}.Release|Any CPU.ActiveCfg = Release|Any CPU
		{AC0B93D9-2A25-4418-B62A-4406BD885C2E}.Release|Any CPU.Build.0 = Release|Any CPU
		{1A9BDF87-CB2F-455F-BF56-16572BC9E677}.Debug|Any CPU.ActiveCfg = Debug|Any CPU
		{1A9BDF87-CB2F-455F-BF56-16572BC9E677}.Debug|Any CPU.Build.0 = Debug|Any CPU
		{1A9BDF87-CB2F-455F-BF56-16572BC9E677}.Release|Any CPU.ActiveCfg = Release|Any CPU
		{1A9BDF87-CB2F-455F-BF56-16572BC9E677}.Release|Any CPU.Build.0 = Release|Any CPU
		{AE8A358A-97A7-4376-BDF6-3DE4BD7F0E3E}.Debug|Any CPU.ActiveCfg = Debug|Any CPU
		{AE8A358A-97A7-4376-BDF6-3DE4BD7F0E3E}.Debug|Any CPU.Build.0 = Debug|Any CPU
		{AE8A358A-97A7-4376-BDF6-3DE4BD7F0E3E}.Release|Any CPU.ActiveCfg = Release|Any CPU
		{AE8A358A-97A7-4376-BDF6-3DE4BD7F0E3E}.Release|Any CPU.Build.0 = Release|Any CPU
		{9355B127-EA8D-44F4-8564-39182932697F}.Debug|Any CPU.ActiveCfg = Debug|Any CPU
		{9355B127-EA8D-44F4-8564-39182932697F}.Debug|Any CPU.Build.0 = Debug|Any CPU
		{9355B127-EA8D-44F4-8564-39182932697F}.Release|Any CPU.ActiveCfg = Release|Any CPU
		{9355B127-EA8D-44F4-8564-39182932697F}.Release|Any CPU.Build.0 = Release|Any CPU
		{7DBFD9E7-FE2B-4C7D-A73F-6255A9552084}.Debug|Any CPU.ActiveCfg = Debug|Any CPU
		{7DBFD9E7-FE2B-4C7D-A73F-6255A9552084}.Debug|Any CPU.Build.0 = Debug|Any CPU
		{7DBFD9E7-FE2B-4C7D-A73F-6255A9552084}.Release|Any CPU.ActiveCfg = Release|Any CPU
		{7DBFD9E7-FE2B-4C7D-A73F-6255A9552084}.Release|Any CPU.Build.0 = Release|Any CPU
	EndGlobalSection
	GlobalSection(SolutionProperties) = preSolution
		HideSolutionNode = FALSE
	EndGlobalSection
	GlobalSection(NestedProjects) = preSolution
		{1A9BDF87-CB2F-455F-BF56-16572BC9E677} = {AD956E82-CD5B-459E-9FBD-B11DF323B4F9}
		{AE8A358A-97A7-4376-BDF6-3DE4BD7F0E3E} = {AD956E82-CD5B-459E-9FBD-B11DF323B4F9}
		{9355B127-EA8D-44F4-8564-39182932697F} = {AD956E82-CD5B-459E-9FBD-B11DF323B4F9}
		{7DBFD9E7-FE2B-4C7D-A73F-6255A9552084} = {AD956E82-CD5B-459E-9FBD-B11DF323B4F9}
	EndGlobalSection
	GlobalSection(ExtensibilityGlobals) = postSolution
		SolutionGuid = {8CB7FE12-3E56-4864-BBE0-36AF1A68BA5E}
	EndGlobalSection
EndGlobal
